// !$*UTF8*$!
{
	archiveVersion = 1;
	classes = {
	};
	objectVersion = 50;
	objects = {

/* Begin PBXBuildFile section */
		665B54E3248AA420009BD7DA /* AppDelegate.swift in Sources */ = {isa = PBXBuildFile; fileRef = 665B54E2248AA420009BD7DA /* AppDelegate.swift */; };
		665B54E5248AA420009BD7DA /* SceneDelegate.swift in Sources */ = {isa = PBXBuildFile; fileRef = 665B54E4248AA420009BD7DA /* SceneDelegate.swift */; };
		665B54E7248AA420009BD7DA /* ViewController.swift in Sources */ = {isa = PBXBuildFile; fileRef = 665B54E6248AA420009BD7DA /* ViewController.swift */; };
		665B54EA248AA420009BD7DA /* Main.storyboard in Resources */ = {isa = PBXBuildFile; fileRef = 665B54E8248AA420009BD7DA /* Main.storyboard */; };
		665B54EC248AA422009BD7DA /* Assets.xcassets in Resources */ = {isa = PBXBuildFile; fileRef = 665B54EB248AA422009BD7DA /* Assets.xcassets */; };
		665B54EF248AA422009BD7DA /* LaunchScreen.storyboard in Resources */ = {isa = PBXBuildFile; fileRef = 665B54ED248AA422009BD7DA /* LaunchScreen.storyboard */; };
		665B54F7248AB37C009BD7DA /* Question.swift in Sources */ = {isa = PBXBuildFile; fileRef = 665B54F6248AB37C009BD7DA /* Question.swift */; };
		665B54FC248ABAB9009BD7DA /* QuizBrain.swift in Sources */ = {isa = PBXBuildFile; fileRef = 665B54FB248ABAB9009BD7DA /* QuizBrain.swift */; };
/* End PBXBuildFile section */

/* Begin PBXFileReference section */
		665B54DF248AA420009BD7DA /* Quiz.app */ = {isa = PBXFileReference; explicitFileType = wrapper.application; includeInIndex = 0; path = Quiz.app; sourceTree = BUILT_PRODUCTS_DIR; };
		665B54E2248AA420009BD7DA /* AppDelegate.swift */ = {isa = PBXFileReference; lastKnownFileType = sourcecode.swift; path = AppDelegate.swift; sourceTree = "<group>"; };
		665B54E4248AA420009BD7DA /* SceneDelegate.swift */ = {isa = PBXFileReference; lastKnownFileType = sourcecode.swift; path = SceneDelegate.swift; sourceTree = "<group>"; };
		665B54E6248AA420009BD7DA /* ViewController.swift */ = {isa = PBXFileReference; lastKnownFileType = sourcecode.swift; path = ViewController.swift; sourceTree = "<group>"; };
		665B54E9248AA420009BD7DA /* Base */ = {isa = PBXFileReference; lastKnownFileType = file.storyboard; name = Base; path = Base.lproj/Main.storyboard; sourceTree = "<group>"; };
		665B54EB248AA422009BD7DA /* Assets.xcassets */ = {isa = PBXFileReference; lastKnownFileType = folder.assetcatalog; path = Assets.xcassets; sourceTree = "<group>"; };
		665B54EE248AA422009BD7DA /* Base */ = {isa = PBXFileReference; lastKnownFileType = file.storyboard; name = Base; path = Base.lproj/LaunchScreen.storyboard; sourceTree = "<group>"; };
		665B54F0248AA422009BD7DA /* Info.plist */ = {isa = PBXFileReference; lastKnownFileType = text.plist.xml; path = Info.plist; sourceTree = "<group>"; };
		665B54F6248AB37C009BD7DA /* Question.swift */ = {isa = PBXFileReference; lastKnownFileType = sourcecode.swift; path = Question.swift; sourceTree = "<group>"; };
		665B54FB248ABAB9009BD7DA /* QuizBrain.swift */ = {isa = PBXFileReference; lastKnownFileType = sourcecode.swift; path = QuizBrain.swift; sourceTree = "<group>"; };
/* End PBXFileReference section */

/* Begin PBXFrameworksBuildPhase section */
		665B54DC248AA420009BD7DA /* Frameworks */ = {
			isa = PBXFrameworksBuildPhase;
			buildActionMask = 2147483647;
			files = (
			);
			runOnlyForDeploymentPostprocessing = 0;
		};
/* End PBXFrameworksBuildPhase section */

/* Begin PBXGroup section */
		665B54D6248AA420009BD7DA = {
			isa = PBXGroup;
			children = (
				665B54E1248AA420009BD7DA /* Quiz */,
				665B54E0248AA420009BD7DA /* Products */,
			);
			sourceTree = "<group>";
		};
		665B54E0248AA420009BD7DA /* Products */ = {
			isa = PBXGroup;
			children = (
				665B54DF248AA420009BD7DA /* Quiz.app */,
			);
			name = Products;
			sourceTree = "<group>";
		};
		665B54E1248AA420009BD7DA /* Quiz */ = {
			isa = PBXGroup;
			children = (
				665B54E2248AA420009BD7DA /* AppDelegate.swift */,
				665B54E4248AA420009BD7DA /* SceneDelegate.swift */,
				665B54F8248ABA7B009BD7DA /* Model */,
				665B54F9248ABA83009BD7DA /* View */,
				665B54FA248ABA8A009BD7DA /* Controller */,
				665B54EB248AA422009BD7DA /* Assets.xcassets */,
				665B54ED248AA422009BD7DA /* LaunchScreen.storyboard */,
				665B54F0248AA422009BD7DA /* Info.plist */,
			);
			path = Quiz;
			sourceTree = "<group>";
		};
		665B54F8248ABA7B009BD7DA /* Model */ = {
			isa = PBXGroup;
			children = (
				665B54F6248AB37C009BD7DA /* Question.swift */,
				665B54FB248ABAB9009BD7DA /* QuizBrain.swift */,
			);
			path = Model;
			sourceTree = "<group>";
		};
		665B54F9248ABA83009BD7DA /* View */ = {
			isa = PBXGroup;
			children = (
				665B54E8248AA420009BD7DA /* Main.storyboard */,
			);
			path = View;
			sourceTree = "<group>";
		};
		665B54FA248ABA8A009BD7DA /* Controller */ = {
			isa = PBXGroup;
			children = (
				665B54E6248AA420009BD7DA /* ViewController.swift */,
			);
			path = Controller;
			sourceTree = "<group>";
		};
/* End PBXGroup section */

/* Begin PBXNativeTarget section */
		665B54DE248AA420009BD7DA /* Quiz */ = {
			isa = PBXNativeTarget;
			buildConfigurationList = 665B54F3248AA422009BD7DA /* Build configuration list for PBXNativeTarget "Quiz" */;
			buildPhases = (
				665B54DB248AA420009BD7DA /* Sources */,
				665B54DC248AA420009BD7DA /* Frameworks */,
				665B54DD248AA420009BD7DA /* Resources */,
			);
			buildRules = (
			);
			dependencies = (
			);
			name = Quiz;
			productName = Quiz;
			productReference = 665B54DF248AA420009BD7DA /* Quiz.app */;
			productType = "com.apple.product-type.application";
		};
/* End PBXNativeTarget section */

/* Begin PBXProject section */
		665B54D7248AA420009BD7DA /* Project object */ = {
			isa = PBXProject;
			attributes = {
				LastSwiftUpdateCheck = 1140;
				LastUpgradeCheck = 1140;
				ORGANIZATIONNAME = mo3aru;
				TargetAttributes = {
					665B54DE248AA420009BD7DA = {
						CreatedOnToolsVersion = 11.4.1;
					};
				};
			};
			buildConfigurationList = 665B54DA248AA420009BD7DA /* Build configuration list for PBXProject "Quiz" */;
			compatibilityVersion = "Xcode 9.3";
			developmentRegion = en;
			hasScannedForEncodings = 0;
			knownRegions = (
				en,
				Base,
			);
			mainGroup = 665B54D6248AA420009BD7DA;
			productRefGroup = 665B54E0248AA420009BD7DA /* Products */;
			projectDirPath = "";
			projectRoot = "";
			targets = (
				665B54DE248AA420009BD7DA /* Quiz */,
			);
		};
/* End PBXProject section */

/* Begin PBXResourcesBuildPhase section */
		665B54DD248AA420009BD7DA /* Resources */ = {
			isa = PBXResourcesBuildPhase;
			buildActionMask = 2147483647;
			files = (
				665B54EF248AA422009BD7DA /* LaunchScreen.storyboard in Resources */,
				665B54EC248AA422009BD7DA /* Assets.xcassets in Resources */,
				665B54EA248AA420009BD7DA /* Main.storyboard in Resources */,
			);
			runOnlyForDeploymentPostprocessing = 0;
		};
/* End PBXResourcesBuildPhase section */

/* Begin PBXSourcesBuildPhase section */
		665B54DB248AA420009BD7DA /* Sources */ = {
			isa = PBXSourcesBuildPhase;
			buildActionMask = 2147483647;
			files = (
				665B54FC248ABAB9009BD7DA /* QuizBrain.swift in Sources */,
				665B54E7248AA420009BD7DA /* ViewController.swift in Sources */,
				665B54F7248AB37C009BD7DA /* Question.swift in Sources */,
				665B54E3248AA420009BD7DA /* AppDelegate.swift in Sources */,
				665B54E5248AA420009BD7DA /* SceneDelegate.swift in Sources */,
			);
			runOnlyForDeploymentPostprocessing = 0;
		};
/* End PBXSourcesBuildPhase section */

/* Begin PBXVariantGroup section */
		665B54E8248AA420009BD7DA /* Main.storyboard */ = {
			isa = PBXVariantGroup;
			children = (
				665B54E9248AA420009BD7DA /* Base */,
			);
			name = Main.storyboard;
			sourceTree = "<group>";
		};
		665B54ED248AA422009BD7DA /* LaunchScreen.storyboard */ = {
			isa = PBXVariantGroup;
			children = (
				665B54EE248AA422009BD7DA /* Base */,
			);
			name = LaunchScreen.storyboard;
			sourceTree = "<group>";
		};
/* End PBXVariantGroup section */

/* Begin XCBuildConfiguration section */
		665B54F1248AA422009BD7DA /* Debug */ = {
			isa = XCBuildConfiguration;
			buildSettings = {
				ALWAYS_SEARCH_USER_PATHS = NO;
				CLANG_ANALYZER_NONNULL = YES;
				CLANG_ANALYZER_NUMBER_OBJECT_CONVERSION = YES_AGGRESSIVE;
				CLANG_CXX_LANGUAGE_STANDARD = "gnu++14";
				CLANG_CXX_LIBRARY = "libc++";
				CLANG_ENABLE_MODULES = YES;
				CLANG_ENABLE_OBJC_ARC = YES;
				CLANG_ENABLE_OBJC_WEAK = YES;
				CLANG_WARN_BLOCK_CAPTURE_AUTORELEASING = YES;
				CLANG_WARN_BOOL_CONVERSION = YES;
				CLANG_WARN_COMMA = YES;
				CLANG_WARN_CONSTANT_CONVERSION = YES;
				CLANG_WARN_DEPRECATED_OBJC_IMPLEMENTATIONS = YES;
				CLANG_WARN_DIRECT_OBJC_ISA_USAGE = YES_ERROR;
				CLANG_WARN_DOCUMENTATION_COMMENTS = YES;
				CLANG_WARN_EMPTY_BODY = YES;
				CLANG_WARN_ENUM_CONVERSION = YES;
				CLANG_WARN_INFINITE_RECURSION = YES;
				CLANG_WARN_INT_CONVERSION = YES;
				CLANG_WARN_NON_LITERAL_NULL_CONVERSION = YES;
				CLANG_WARN_OBJC_IMPLICIT_RETAIN_SELF = YES;
				CLANG_WARN_OBJC_LITERAL_CONVERSION = YES;
				CLANG_WARN_OBJC_ROOT_CLASS = YES_ERROR;
				CLANG_WARN_RANGE_LOOP_ANALYSIS = YES;
				CLANG_WARN_STRICT_PROTOTYPES = YES;
				CLANG_WARN_SUSPICIOUS_MOVE = YES;
				CLANG_WARN_UNGUARDED_AVAILABILITY = YES_AGGRESSIVE;
				CLANG_WARN_UNREACHABLE_CODE = YES;
				CLANG_WARN__DUPLICATE_METHOD_MATCH = YES;
				COPY_PHASE_STRIP = NO;
				DEBUG_INFORMATION_FORMAT = dwarf;
				ENABLE_STRICT_OBJC_MSGSEND = YES;
				ENABLE_TESTABILITY = YES;
				GCC_C_LANGUAGE_STANDARD = gnu11;
				GCC_DYNAMIC_NO_PIC = NO;
				GCC_NO_COMMON_BLOCKS = YES;
				GCC_OPTIMIZATION_LEVEL = 0;
				GCC_PREPROCESSOR_DEFINITIONS = (
					"DEBUG=1",
					"$(inherited)",
				);
				GCC_WARN_64_TO_32_BIT_CONVERSION = YES;
				GCC_WARN_ABOUT_RETURN_TYPE = YES_ERROR;
				GCC_WARN_UNDECLARED_SELECTOR = YES;
				GCC_WARN_UNINITIALIZED_AUTOS = YES_AGGRESSIVE;
				GCC_WARN_UNUSED_FUNCTION = YES;
				GCC_WARN_UNUSED_VARIABLE = YES;
				IPHONEOS_DEPLOYMENT_TARGET = 13.4;
				MTL_ENABLE_DEBUG_INFO = INCLUDE_SOURCE;
				MTL_FAST_MATH = YES;
				ONLY_ACTIVE_ARCH = YES;
				SDKROOT = iphoneos;
				SWIFT_ACTIVE_COMPILATION_CONDITIONS = DEBUG;
				SWIFT_OPTIMIZATION_LEVEL = "-Onone";
			};
			name = Debug;
		};
		665B54F2248AA422009BD7DA /* Release */ = {
			isa = XCBuildConfiguration;
			buildSettings = {
				ALWAYS_SEARCH_USER_PATHS = NO;
				CLANG_ANALYZER_NONNULL = YES;
				CLANG_ANALYZER_NUMBER_OBJECT_CONVERSION = YES_AGGRESSIVE;
				CLANG_CXX_LANGUAGE_STANDARD = "gnu++14";
				CLANG_CXX_LIBRARY = "libc++";
				CLANG_ENABLE_MODULES = YES;
				CLANG_ENABLE_OBJC_ARC = YES;
				CLANG_ENABLE_OBJC_WEAK = YES;
				CLANG_WARN_BLOCK_CAPTURE_AUTORELEASING = YES;
				CLANG_WARN_BOOL_CONVERSION = YES;
				CLANG_WARN_COMMA = YES;
				CLANG_WARN_CONSTANT_CONVERSION = YES;
				CLANG_WARN_DEPRECATED_OBJC_IMPLEMENTATIONS = YES;
				CLANG_WARN_DIRECT_OBJC_ISA_USAGE = YES_ERROR;
				CLANG_WARN_DOCUMENTATION_COMMENTS = YES;
				CLANG_WARN_EMPTY_BODY = YES;
				CLANG_WARN_ENUM_CONVERSION = YES;
				CLANG_WARN_INFINITE_RECURSION = YES;
				CLANG_WARN_INT_CONVERSION = YES;
				CLANG_WARN_NON_LITERAL_NULL_CONVERSION = YES;
				CLANG_WARN_OBJC_IMPLICIT_RETAIN_SELF = YES;
				CLANG_WARN_OBJC_LITERAL_CONVERSION = YES;
				CLANG_WARN_OBJC_ROOT_CLASS = YES_ERROR;
				CLANG_WARN_RANGE_LOOP_ANALYSIS = YES;
				CLANG_WARN_STRICT_PROTOTYPES = YES;
				CLANG_WARN_SUSPICIOUS_MOVE = YES;
				CLANG_WARN_UNGUARDED_AVAILABILITY = YES_AGGRESSIVE;
				CLANG_WARN_UNREACHABLE_CODE = YES;
				CLANG_WARN__DUPLICATE_METHOD_MATCH = YES;
				COPY_PHASE_STRIP = NO;
				DEBUG_INFORMATION_FORMAT = "dwarf-with-dsym";
				ENABLE_NS_ASSERTIONS = NO;
				ENABLE_STRICT_OBJC_MSGSEND = YES;
				GCC_C_LANGUAGE_STANDARD = gnu11;
				GCC_NO_COMMON_BLOCKS = YES;
				GCC_WARN_64_TO_32_BIT_CONVERSION = YES;
				GCC_WARN_ABOUT_RETURN_TYPE = YES_ERROR;
				GCC_WARN_UNDECLARED_SELECTOR = YES;
				GCC_WARN_UNINITIALIZED_AUTOS = YES_AGGRESSIVE;
				GCC_WARN_UNUSED_FUNCTION = YES;
				GCC_WARN_UNUSED_VARIABLE = YES;
				IPHONEOS_DEPLOYMENT_TARGET = 13.4;
				MTL_ENABLE_DEBUG_INFO = NO;
				MTL_FAST_MATH = YES;
				SDKROOT = iphoneos;
				SWIFT_COMPILATION_MODE = wholemodule;
				SWIFT_OPTIMIZATION_LEVEL = "-O";
				VALIDATE_PRODUCT = YES;
			};
			name = Release;
		};
		665B54F4248AA422009BD7DA /* Debug */ = {
			isa = XCBuildConfiguration;
			buildSettings = {
				ASSETCATALOG_COMPILER_APPICON_NAME = AppIcon;
				CODE_SIGN_STYLE = Automatic;
				INFOPLIST_FILE = Quiz/Info.plist;
				LD_RUNPATH_SEARCH_PATHS = (
					"$(inherited)",
					"@executable_path/Frameworks",
				);
				PRODUCT_BUNDLE_IDENTIFIER = mo3aru.Quiz;
				PRODUCT_NAME = "$(TARGET_NAME)";
				SWIFT_VERSION = 5.0;
				TARGETED_DEVICE_FAMILY = "1,2";
			};
			name = Debug;
		};
		665B54F5248AA422009BD7DA /* Release */ = {
			isa = XCBuildConfiguration;
			buildSettings = {
				ASSETCATALOG_COMPILER_APPICON_NAME = AppIcon;
				CODE_SIGN_STYLE = Automatic;
				INFOPLIST_FILE = Quiz/Info.plist;
				LD_RUNPATH_SEARCH_PATHS = (
					"$(inherited)",
					"@executable_path/Frameworks",
				);
				PRODUCT_BUNDLE_IDENTIFIER = mo3aru.Quiz;
				PRODUCT_NAME = "$(TARGET_NAME)";
				SWIFT_VERSION = 5.0;
				TARGETED_DEVICE_FAMILY = "1,2";
			};
			name = Release;
		};
/* End XCBuildConfiguration section */

/* Begin XCConfigurationList section */
		665B54DA248AA420009BD7DA /* Build configuration list for PBXProject "Quiz" */ = {
			isa = XCConfigurationList;
			buildConfigurations = (
				665B54F1248AA422009BD7DA /* Debug */,
				665B54F2248AA422009BD7DA /* Release */,
			);
			defaultConfigurationIsVisible = 0;
			defaultConfigurationName = Release;
		};
		665B54F3248AA422009BD7DA /* Build configuration list for PBXNativeTarget "Quiz" */ = {
			isa = XCConfigurationList;
			buildConfigurations = (
				665B54F4248AA422009BD7DA /* Debug */,
				665B54F5248AA422009BD7DA /* Release */,
			);
			defaultConfigurationIsVisible = 0;
			defaultConfigurationName = Release;
		};
/* End XCConfigurationList section */
	};
	rootObject = 665B54D7248AA420009BD7DA /* Project object */;
}
